
Microsoft Visual Studio Solution File, Format Version 12.00
# Visual Studio Version 17
VisualStudioVersion = 17.0.31903.59
MinimumVisualStudioVersion = 10.0.40219.1
Project("{2150E333-8FDC-42A3-9474-1A3956D46DE8}") = "src", "src", "{827E0CD3-B72D-47B6-A68D-7590B98EB39B}"
EndProject
Project("{FAE04EC0-301F-11D3-BF4B-00C04F79EFBC}") = "Commonword.Api", "src\Commonword.Api\Commonword.Api.csproj", "{FF13824A-BA34-45D6-BA10-7519EBECF579}"
EndProject
Project("{FAE04EC0-301F-11D3-BF4B-00C04F79EFBC}") = "Commonword.Infrastructure", "src\Commonword.Infrastructure\Commonword.Infrastructure.csproj", "{1D4E21AE-4991-43B6-8BDC-018948AA3DF5}"
EndProject
Project("{FAE04EC0-301F-11D3-BF4B-00C04F79EFBC}") = "Commonword.Contracts", "src\Commonword.Contracts\Commonword.Contracts.csproj", "{EE575299-C65D-48E0-BEA1-B4381262A7D1}"
EndProject
Project("{2150E333-8FDC-42A3-9474-1A3956D46DE8}") = "Modules", "Modules", "{EC447DCF-ABFA-6E24-52A5-D7FD48A5C558}"
EndProject
Project("{2150E333-8FDC-42A3-9474-1A3956D46DE8}") = "Puzzles", "Puzzles", "{0A859E86-5B50-3F4A-3F46-2A1DEA52C4C6}"
EndProject
Project("{FAE04EC0-301F-11D3-BF4B-00C04F79EFBC}") = "Commonword.Modules.Puzzles", "src\Modules\Puzzles\Commonword.Modules.Puzzles.csproj", "{49A31C7F-A2A7-4F84-9F16-EBCC1A69A7AC}"
EndProject
Project("{2150E333-8FDC-42A3-9474-1A3956D46DE8}") = "Solving", "Solving", "{AC6B6CA1-AD55-009A-1CB8-BC23ED3CF2C4}"
EndProject
Project("{FAE04EC0-301F-11D3-BF4B-00C04F79EFBC}") = "Commonword.Modules.Solving", "src\Modules\Solving\Commonword.Modules.Solving.csproj", "{0DD4832B-6A32-4940-90AA-75A838B838B8}"
EndProject
Project("{2150E333-8FDC-42A3-9474-1A3956D46DE8}") = "Telemetry", "Telemetry", "{FBF25D7A-2764-5BF8-F429-C5EA52523720}"
EndProject
Project("{FAE04EC0-301F-11D3-BF4B-00C04F79EFBC}") = "Commonword.Modules.Telemetry", "src\Modules\Telemetry\Commonword.Modules.Telemetry.csproj", "{27EA2EDE-01A2-4C7E-91E9-50C564AC2B53}"
EndProject
Project("{2150E333-8FDC-42A3-9474-1A3956D46DE8}") = "tests", "tests", "{0AB3BF05-4346-4AA6-1389-037BE0695223}"
EndProject
Project("{FAE04EC0-301F-11D3-BF4B-00C04F79EFBC}") = "Commonword.Tests.Unit", "tests\Commonword.Tests.Unit\Commonword.Tests.Unit.csproj", "{4C8AB13F-6EB8-4D83-B08A-076B72E579C0}"
EndProject
Project("{FAE04EC0-301F-11D3-BF4B-00C04F79EFBC}") = "Commonword.Tests.Integration", "tests\Commonword.Tests.Integration\Commonword.Tests.Integration.csproj", "{E9214390-B2DC-44D2-9B86-FDEA8F4F99DA}"
EndProject
Global
	GlobalSection(SolutionConfigurationPlatforms) = preSolution
		Debug|Any CPU = Debug|Any CPU
		Debug|x64 = Debug|x64
		Debug|x86 = Debug|x86
		Release|Any CPU = Release|Any CPU
		Release|x64 = Release|x64
		Release|x86 = Release|x86
	EndGlobalSection
	GlobalSection(ProjectConfigurationPlatforms) = postSolution
		{FF13824A-BA34-45D6-BA10-7519EBECF579}.Debug|Any CPU.ActiveCfg = Debug|Any CPU
		{FF13824A-BA34-45D6-BA10-7519EBECF579}.Debug|Any CPU.Build.0 = Debug|Any CPU
		{FF13824A-BA34-45D6-BA10-7519EBECF579}.Debug|x64.ActiveCfg = Debug|Any CPU
		{FF13824A-BA34-45D6-BA10-7519EBECF579}.Debug|x64.Build.0 = Debug|Any CPU
		{FF13824A-BA34-45D6-BA10-7519EBECF579}.Debug|x86.ActiveCfg = Debug|Any CPU
		{FF13824A-BA34-45D6-BA10-7519EBECF579}.Debug|x86.Build.0 = Debug|Any CPU
		{FF13824A-BA34-45D6-BA10-7519EBECF579}.Release|Any CPU.ActiveCfg = Release|Any CPU
		{FF13824A-BA34-45D6-BA10-7519EBECF579}.Release|Any CPU.Build.0 = Release|Any CPU
		{FF13824A-BA34-45D6-BA10-7519EBECF579}.Release|x64.ActiveCfg = Release|Any CPU
		{FF13824A-BA34-45D6-BA10-7519EBECF579}.Release|x64.Build.0 = Release|Any CPU
		{FF13824A-BA34-45D6-BA10-7519EBECF579}.Release|x86.ActiveCfg = Release|Any CPU
		{FF13824A-BA34-45D6-BA10-7519EBECF579}.Release|x86.Build.0 = Release|Any CPU
		{1D4E21AE-4991-43B6-8BDC-018948AA3DF5}.Debug|Any CPU.ActiveCfg = Debug|Any CPU
		{1D4E21AE-4991-43B6-8BDC-018948AA3DF5}.Debug|Any CPU.Build.0 = Debug|Any CPU
		{1D4E21AE-4991-43B6-8BDC-018948AA3DF5}.Debug|x64.ActiveCfg = Debug|Any CPU
		{1D4E21AE-4991-43B6-8BDC-018948AA3DF5}.Debug|x64.Build.0 = Debug|Any CPU
		{1D4E21AE-4991-43B6-8BDC-018948AA3DF5}.Debug|x86.ActiveCfg = Debug|Any CPU
		{1D4E21AE-4991-43B6-8BDC-018948AA3DF5}.Debug|x86.Build.0 = Debug|Any CPU
		{1D4E21AE-4991-43B6-8BDC-018948AA3DF5}.Release|Any CPU.ActiveCfg = Release|Any CPU
		{1D4E21AE-4991-43B6-8BDC-018948AA3DF5}.Release|Any CPU.Build.0 = Release|Any CPU
		{1D4E21AE-4991-43B6-8BDC-018948AA3DF5}.Release|x64.ActiveCfg = Release|Any CPU
		{1D4E21AE-4991-43B6-8BDC-018948AA3DF5}.Release|x64.Build.0 = Release|Any CPU
		{1D4E21AE-4991-43B6-8BDC-018948AA3DF5}.Release|x86.ActiveCfg = Release|Any CPU
		{1D4E21AE-4991-43B6-8BDC-018948AA3DF5}.Release|x86.Build.0 = Release|Any CPU
		{EE575299-C65D-48E0-BEA1-B4381262A7D1}.Debug|Any CPU.ActiveCfg = Debug|Any CPU
		{EE575299-C65D-48E0-BEA1-B4381262A7D1}.Debug|Any CPU.Build.0 = Debug|Any CPU
		{EE575299-C65D-48E0-BEA1-B4381262A7D1}.Debug|x64.ActiveCfg = Debug|Any CPU
		{EE575299-C65D-48E0-BEA1-B4381262A7D1}.Debug|x64.Build.0 = Debug|Any CPU
		{EE575299-C65D-48E0-BEA1-B4381262A7D1}.Debug|x86.ActiveCfg = Debug|Any CPU
		{EE575299-C65D-48E0-BEA1-B4381262A7D1}.Debug|x86.Build.0 = Debug|Any CPU
		{EE575299-C65D-48E0-BEA1-B4381262A7D1}.Release|Any CPU.ActiveCfg = Release|Any CPU
		{EE575299-C65D-48E0-BEA1-B4381262A7D1}.Release|Any CPU.Build.0 = Release|Any CPU
		{EE575299-C65D-48E0-BEA1-B4381262A7D1}.Release|x64.ActiveCfg = Release|Any CPU
		{EE575299-C65D-48E0-BEA1-B4381262A7D1}.Release|x64.Build.0 = Release|Any CPU
		{EE575299-C65D-48E0-BEA1-B4381262A7D1}.Release|x86.ActiveCfg = Release|Any CPU
		{EE575299-C65D-48E0-BEA1-B4381262A7D1}.Release|x86.Build.0 = Release|Any CPU
		{49A31C7F-A2A7-4F84-9F16-EBCC1A69A7AC}.Debug|Any CPU.ActiveCfg = Debug|Any CPU
		{49A31C7F-A2A7-4F84-9F16-EBCC1A69A7AC}.Debug|Any CPU.Build.0 = Debug|Any CPU
		{49A31C7F-A2A7-4F84-9F16-EBCC1A69A7AC}.Debug|x64.ActiveCfg = Debug|Any CPU
		{49A31C7F-A2A7-4F84-9F16-EBCC1A69A7AC}.Debug|x64.Build.0 = Debug|Any CPU
		{49A31C7F-A2A7-4F84-9F16-EBCC1A69A7AC}.Debug|x86.ActiveCfg = Debug|Any CPU
		{49A31C7F-A2A7-4F84-9F16-EBCC1A69A7AC}.Debug|x86.Build.0 = Debug|Any CPU
		{49A31C7F-A2A7-4F84-9F16-EBCC1A69A7AC}.Release|Any CPU.ActiveCfg = Release|Any CPU
		{49A31C7F-A2A7-4F84-9F16-EBCC1A69A7AC}.Release|Any CPU.Build.0 = Release|Any CPU
		{49A31C7F-A2A7-4F84-9F16-EBCC1A69A7AC}.Release|x64.ActiveCfg = Release|Any CPU
		{49A31C7F-A2A7-4F84-9F16-EBCC1A69A7AC}.Release|x64.Build.0 = Release|Any CPU
		{49A31C7F-A2A7-4F84-9F16-EBCC1A69A7AC}.Release|x86.ActiveCfg = Release|Any CPU
		{49A31C7F-A2A7-4F84-9F16-EBCC1A69A7AC}.Release|x86.Build.0 = Release|Any CPU
		{0DD4832B-6A32-4940-90AA-75A838B838B8}.Debug|Any CPU.ActiveCfg = Debug|Any CPU
		{0DD4832B-6A32-4940-90AA-75A838B838B8}.Debug|Any CPU.Build.0 = Debug|Any CPU
		{0DD4832B-6A32-4940-90AA-75A838B838B8}.Debug|x64.ActiveCfg = Debug|Any CPU
		{0DD4832B-6A32-4940-90AA-75A838B838B8}.Debug|x64.Build.0 = Debug|Any CPU
		{0DD4832B-6A32-4940-90AA-75A838B838B8}.Debug|x86.ActiveCfg = Debug|Any CPU
		{0DD4832B-6A32-4940-90AA-75A838B838B8}.Debug|x86.Build.0 = Debug|Any CPU
		{0DD4832B-6A32-4940-90AA-75A838B838B8}.Release|Any CPU.ActiveCfg = Release|Any CPU
		{0DD4832B-6A32-4940-90AA-75A838B838B8}.Release|Any CPU.Build.0 = Release|Any CPU
		{0DD4832B-6A32-4940-90AA-75A838B838B8}.Release|x64.ActiveCfg = Release|Any CPU
		{0DD4832B-6A32-4940-90AA-75A838B838B8}.Release|x64.Build.0 = Release|Any CPU
		{0DD4832B-6A32-4940-90AA-75A838B838B8}.Release|x86.ActiveCfg = Release|Any CPU
		{0DD4832B-6A32-4940-90AA-75A838B838B8}.Release|x86.Build.0 = Release|Any CPU
		{27EA2EDE-01A2-4C7E-91E9-50C564AC2B53}.Debug|Any CPU.ActiveCfg = Debug|Any CPU
		{27EA2EDE-01A2-4C7E-91E9-50C564AC2B53}.Debug|Any CPU.Build.0 = Debug|Any CPU
		{27EA2EDE-01A2-4C7E-91E9-50C564AC2B53}.Debug|x64.ActiveCfg = Debug|Any CPU
		{27EA2EDE-01A2-4C7E-91E9-50C564AC2B53}.Debug|x64.Build.0 = Debug|Any CPU
		{27EA2EDE-01A2-4C7E-91E9-50C564AC2B53}.Debug|x86.ActiveCfg = Debug|Any CPU
		{27EA2EDE-01A2-4C7E-91E9-50C564AC2B53}.Debug|x86.Build.0 = Debug|Any CPU
		{27EA2EDE-01A2-4C7E-91E9-50C564AC2B53}.Release|Any CPU.ActiveCfg = Release|Any CPU
		{27EA2EDE-01A2-4C7E-91E9-50C564AC2B53}.Release|Any CPU.Build.0 = Release|Any CPU
		{27EA2EDE-01A2-4C7E-91E9-50C564AC2B53}.Release|x64.ActiveCfg = Release|Any CPU
		{27EA2EDE-01A2-4C7E-91E9-50C564AC2B53}.Release|x64.Build.0 = Release|Any CPU
		{27EA2EDE-01A2-4C7E-91E9-50C564AC2B53}.Release|x86.ActiveCfg = Release|Any CPU
		{27EA2EDE-01A2-4C7E-91E9-50C564AC2B53}.Release|x86.Build.0 = Release|Any CPU
		{4C8AB13F-6EB8-4D83-B08A-076B72E579C0}.Debug|Any CPU.ActiveCfg = Debug|Any CPU
		{4C8AB13F-6EB8-4D83-B08A-076B72E579C0}.Debug|Any CPU.Build.0 = Debug|Any CPU
		{4C8AB13F-6EB8-4D83-B08A-076B72E579C0}.Debug|x64.ActiveCfg = Debug|Any CPU
		{4C8AB13F-6EB8-4D83-B08A-076B72E579C0}.Debug|x64.Build.0 = Debug|Any CPU
		{4C8AB13F-6EB8-4D83-B08A-076B72E579C0}.Debug|x86.ActiveCfg = Debug|Any CPU
		{4C8AB13F-6EB8-4D83-B08A-076B72E579C0}.Debug|x86.Build.0 = Debug|Any CPU
		{4C8AB13F-6EB8-4D83-B08A-076B72E579C0}.Release|Any CPU.ActiveCfg = Release|Any CPU
		{4C8AB13F-6EB8-4D83-B08A-076B72E579C0}.Release|Any CPU.Build.0 = Release|Any CPU
		{4C8AB13F-6EB8-4D83-B08A-076B72E579C0}.Release|x64.ActiveCfg = Release|Any CPU
		{4C8AB13F-6EB8-4D83-B08A-076B72E579C0}.Release|x64.Build.0 = Release|Any CPU
		{4C8AB13F-6EB8-4D83-B08A-076B72E579C0}.Release|x86.ActiveCfg = Release|Any CPU
		{4C8AB13F-6EB8-4D83-B08A-076B72E579C0}.Release|x86.Build.0 = Release|Any CPU
		{E9214390-B2DC-44D2-9B86-FDEA8F4F99DA}.Debug|Any CPU.ActiveCfg = Debug|Any CPU
		{E9214390-B2DC-44D2-9B86-FDEA8F4F99DA}.Debug|Any CPU.Build.0 = Debug|Any CPU
		{E9214390-B2DC-44D2-9B86-FDEA8F4F99DA}.Debug|x64.ActiveCfg = Debug|Any CPU
		{E9214390-B2DC-44D2-9B86-FDEA8F4F99DA}.Debug|x64.Build.0 = Debug|Any CPU
		{E9214390-B2DC-44D2-9B86-FDEA8F4F99DA}.Debug|x86.ActiveCfg = Debug|Any CPU
		{E9214390-B2DC-44D2-9B86-FDEA8F4F99DA}.Debug|x86.Build.0 = Debug|Any CPU
		{E9214390-B2DC-44D2-9B86-FDEA8F4F99DA}.Release|Any CPU.ActiveCfg = Release|Any CPU
		{E9214390-B2DC-44D2-9B86-FDEA8F4F99DA}.Release|Any CPU.Build.0 = Release|Any CPU
		{E9214390-B2DC-44D2-9B86-FDEA8F4F99DA}.Release|x64.ActiveCfg = Release|Any CPU
		{E9214390-B2DC-44D2-9B86-FDEA8F4F99DA}.Release|x64.Build.0 = Release|Any CPU
		{E9214390-B2DC-44D2-9B86-FDEA8F4F99DA}.Release|x86.ActiveCfg = Release|Any CPU
		{E9214390-B2DC-44D2-9B86-FDEA8F4F99DA}.Release|x86.Build.0 = Release|Any CPU
	EndGlobalSection
	GlobalSection(SolutionProperties) = preSolution
		HideSolutionNode = FALSE
	EndGlobalSection
	GlobalSection(NestedProjects) = preSolution
		{FF13824A-BA34-45D6-BA10-7519EBECF579} = {827E0CD3-B72D-47B6-A68D-7590B98EB39B}
		{1D4E21AE-4991-43B6-8BDC-018948AA3DF5} = {827E0CD3-B72D-47B6-A68D-7590B98EB39B}
		{EE575299-C65D-48E0-BEA1-B4381262A7D1} = {827E0CD3-B72D-47B6-A68D-7590B98EB39B}
		{EC447DCF-ABFA-6E24-52A5-D7FD48A5C558} = {827E0CD3-B72D-47B6-A68D-7590B98EB39B}
		{0A859E86-5B50-3F4A-3F46-2A1DEA52C4C6} = {EC447DCF-ABFA-6E24-52A5-D7FD48A5C558}
		{49A31C7F-A2A7-4F84-9F16-EBCC1A69A7AC} = {0A859E86-5B50-3F4A-3F46-2A1DEA52C4C6}
		{AC6B6CA1-AD55-009A-1CB8-BC23ED3CF2C4} = {EC447DCF-ABFA-6E24-52A5-D7FD48A5C558}
		{0DD4832B-6A32-4940-90AA-75A838B838B8} = {AC6B6CA1-AD55-009A-1CB8-BC23ED3CF2C4}
		{FBF25D7A-2764-5BF8-F429-C5EA52523720} = {EC447DCF-ABFA-6E24-52A5-D7FD48A5C558}
		{27EA2EDE-01A2-4C7E-91E9-50C564AC2B53} = {FBF25D7A-2764-5BF8-F429-C5EA52523720}
		{4C8AB13F-6EB8-4D83-B08A-076B72E579C0} = {0AB3BF05-4346-4AA6-1389-037BE0695223}
		{E9214390-B2DC-44D2-9B86-FDEA8F4F99DA} = {0AB3BF05-4346-4AA6-1389-037BE0695223}
	EndGlobalSection
EndGlobal
